[ "datastructures": {:git, "git://github.com/meh/elixir-datastructures.git", "8b497974ad511965dac5fe9e7b9b8762e1632a22", []},
  "finalizer": {:git, "git://github.com/meh/elixir-finalizer.git", "9c38d9145824a46c66f1a010e137a953a6c78e04", []},
  "resource": {:git, "git://github.com/tonyrog/resource.git", "b9e1adcadcc8cb59130e0bbecbbe6777bb8d7c78", []} ]
