[ "datastructures": {:git, "git://github.com/meh/elixir-datastructures.git", "502ecde77c46ec1d36bb51871f92b9be58aab7a6", []},
  "finalizer": {:git, "git://github.com/meh/elixir-finalizer.git", "9c38d9145824a46c66f1a010e137a953a6c78e04", []},
  "resource": {:git, "git://github.com/tonyrog/resource.git", "37264ec960263cec0df8d6db0da818297b8d5771", []} ]
